
Microsoft Visual Studio Solution File, Format Version 12.00
# Visual Studio 15
VisualStudioVersion = 15.0.28010.2003
MinimumVisualStudioVersion = 10.0.40219.1
Project("{FAE04EC0-301F-11D3-BF4B-00C04F79EFBC}") = "Module20", "Module20\Module20.csproj", "{7DCC4074-36E0-4C96-8F45-CDDFC707866A}"
EndProject
Global
	GlobalSection(SolutionConfigurationPlatforms) = preSolution
		Debug|Any CPU = Debug|Any CPU
		Release|Any CPU = Release|Any CPU
	EndGlobalSection
	GlobalSection(ProjectConfigurationPlatforms) = postSolution
		{7DCC4074-36E0-4C96-8F45-CDDFC707866A}.Debug|Any CPU.ActiveCfg = Debug|Any CPU
		{7DCC4074-36E0-4C96-8F45-CDDFC707866A}.Debug|Any CPU.Build.0 = Debug|Any CPU
		{7DCC4074-36E0-4C96-8F45-CDDFC707866A}.Release|Any CPU.ActiveCfg = Release|Any CPU
		{7DCC4074-36E0-4C96-8F45-CDDFC707866A}.Release|Any CPU.Build.0 = Release|Any CPU
	EndGlobalSection
	GlobalSection(SolutionProperties) = preSolution
		HideSolutionNode = FALSE
	EndGlobalSection
	GlobalSection(ExtensibilityGlobals) = postSolution
		SolutionGuid = {9FD2FAD7-8C80-4AEB-B7AF-AF61FA2FECA3}
	EndGlobalSection
EndGlobal
