
Microsoft Visual Studio Solution File, Format Version 12.00
# Visual Studio 15
VisualStudioVersion = 15.0.28010.2003
MinimumVisualStudioVersion = 10.0.40219.1
Project("{FAE04EC0-301F-11D3-BF4B-00C04F79EFBC}") = "QueueProject", "QueueProject\QueueProject.csproj", "{39DE6A05-6277-4B50-ACCA-3513F5B66E55}"
EndProject
Project("{FAE04EC0-301F-11D3-BF4B-00C04F79EFBC}") = "Additional Project", "Additional Project\Additional Project.csproj", "{62418970-E827-402A-96A7-865B2AD61566}"
EndProject
Global
	GlobalSection(SolutionConfigurationPlatforms) = preSolution
		Debug|Any CPU = Debug|Any CPU
		Release|Any CPU = Release|Any CPU
	EndGlobalSection
	GlobalSection(ProjectConfigurationPlatforms) = postSolution
		{39DE6A05-6277-4B50-ACCA-3513F5B66E55}.Debug|Any CPU.ActiveCfg = Debug|Any CPU
		{39DE6A05-6277-4B50-ACCA-3513F5B66E55}.Debug|Any CPU.Build.0 = Debug|Any CPU
		{39DE6A05-6277-4B50-ACCA-3513F5B66E55}.Release|Any CPU.ActiveCfg = Release|Any CPU
		{39DE6A05-6277-4B50-ACCA-3513F5B66E55}.Release|Any CPU.Build.0 = Release|Any CPU
		{62418970-E827-402A-96A7-865B2AD61566}.Debug|Any CPU.ActiveCfg = Debug|Any CPU
		{62418970-E827-402A-96A7-865B2AD61566}.Debug|Any CPU.Build.0 = Debug|Any CPU
		{62418970-E827-402A-96A7-865B2AD61566}.Release|Any CPU.ActiveCfg = Release|Any CPU
		{62418970-E827-402A-96A7-865B2AD61566}.Release|Any CPU.Build.0 = Release|Any CPU
	EndGlobalSection
	GlobalSection(SolutionProperties) = preSolution
		HideSolutionNode = FALSE
	EndGlobalSection
	GlobalSection(ExtensibilityGlobals) = postSolution
		SolutionGuid = {4CC1EE6E-720D-4214-8301-0E2D884C1E41}
	EndGlobalSection
EndGlobal
