
Microsoft Visual Studio Solution File, Format Version 12.00
# Visual Studio 15
VisualStudioVersion = 15.0.28010.2003
MinimumVisualStudioVersion = 10.0.40219.1
Project("{FAE04EC0-301F-11D3-BF4B-00C04F79EFBC}") = "Module_12", "Module_12\Module_12.csproj", "{48BD3E56-4594-4738-93C0-A8F5EFCAFB78}"
EndProject
Global
	GlobalSection(SolutionConfigurationPlatforms) = preSolution
		Debug|Any CPU = Debug|Any CPU
		Release|Any CPU = Release|Any CPU
	EndGlobalSection
	GlobalSection(ProjectConfigurationPlatforms) = postSolution
		{48BD3E56-4594-4738-93C0-A8F5EFCAFB78}.Debug|Any CPU.ActiveCfg = Debug|Any CPU
		{48BD3E56-4594-4738-93C0-A8F5EFCAFB78}.Debug|Any CPU.Build.0 = Debug|Any CPU
		{48BD3E56-4594-4738-93C0-A8F5EFCAFB78}.Release|Any CPU.ActiveCfg = Release|Any CPU
		{48BD3E56-4594-4738-93C0-A8F5EFCAFB78}.Release|Any CPU.Build.0 = Release|Any CPU
	EndGlobalSection
	GlobalSection(SolutionProperties) = preSolution
		HideSolutionNode = FALSE
	EndGlobalSection
	GlobalSection(ExtensibilityGlobals) = postSolution
		SolutionGuid = {76D341D9-5F80-4FB2-A862-198EDD20A238}
	EndGlobalSection
EndGlobal
