
Microsoft Visual Studio Solution File, Format Version 12.00
# Visual Studio 2012
Project("{FAE04EC0-301F-11D3-BF4B-00C04F79EFBC}") = "DynamicExecution", "DynamicExecution\DynamicExecution.csproj", "{131FABE1-AE9C-45FF-BC3D-399354B2E585}"
EndProject
Global
	GlobalSection(SolutionConfigurationPlatforms) = preSolution
		Debug|Any CPU = Debug|Any CPU
		Release|Any CPU = Release|Any CPU
	EndGlobalSection
	GlobalSection(ProjectConfigurationPlatforms) = postSolution
		{131FABE1-AE9C-45FF-BC3D-399354B2E585}.Debug|Any CPU.ActiveCfg = Debug|Any CPU
		{131FABE1-AE9C-45FF-BC3D-399354B2E585}.Debug|Any CPU.Build.0 = Debug|Any CPU
		{131FABE1-AE9C-45FF-BC3D-399354B2E585}.Release|Any CPU.ActiveCfg = Release|Any CPU
		{131FABE1-AE9C-45FF-BC3D-399354B2E585}.Release|Any CPU.Build.0 = Release|Any CPU
	EndGlobalSection
	GlobalSection(SolutionProperties) = preSolution
		HideSolutionNode = FALSE
	EndGlobalSection
EndGlobal
