
Microsoft Visual Studio Solution File, Format Version 12.00
# Visual Studio 15
VisualStudioVersion = 15.0.28307.539
MinimumVisualStudioVersion = 10.0.40219.1
Project("{FAE04EC0-301F-11D3-BF4B-00C04F79EFBC}") = "Computers", "Computers\Computers.csproj", "{B609EFC0-B17E-42A9-98C3-27FA983D6BBF}"
EndProject
Global
	GlobalSection(SolutionConfigurationPlatforms) = preSolution
		Debug|Any CPU = Debug|Any CPU
		Release|Any CPU = Release|Any CPU
	EndGlobalSection
	GlobalSection(ProjectConfigurationPlatforms) = postSolution
		{B609EFC0-B17E-42A9-98C3-27FA983D6BBF}.Debug|Any CPU.ActiveCfg = Debug|Any CPU
		{B609EFC0-B17E-42A9-98C3-27FA983D6BBF}.Debug|Any CPU.Build.0 = Debug|Any CPU
		{B609EFC0-B17E-42A9-98C3-27FA983D6BBF}.Release|Any CPU.ActiveCfg = Release|Any CPU
		{B609EFC0-B17E-42A9-98C3-27FA983D6BBF}.Release|Any CPU.Build.0 = Release|Any CPU
	EndGlobalSection
	GlobalSection(SolutionProperties) = preSolution
		HideSolutionNode = FALSE
	EndGlobalSection
	GlobalSection(ExtensibilityGlobals) = postSolution
		SolutionGuid = {684F66B1-2231-4EBE-8106-DF437B47809D}
	EndGlobalSection
EndGlobal
