
Microsoft Visual Studio Solution File, Format Version 12.00
# Visual Studio 15
VisualStudioVersion = 15.0.28010.2003
MinimumVisualStudioVersion = 10.0.40219.1
Project("{FAE04EC0-301F-11D3-BF4B-00C04F79EFBC}") = "Task9.2", "Task9.2\Task9.2.csproj", "{81CAE6DC-9863-4021-99CE-B0C8C012C559}"
EndProject
Global
	GlobalSection(SolutionConfigurationPlatforms) = preSolution
		Debug|Any CPU = Debug|Any CPU
		Release|Any CPU = Release|Any CPU
	EndGlobalSection
	GlobalSection(ProjectConfigurationPlatforms) = postSolution
		{81CAE6DC-9863-4021-99CE-B0C8C012C559}.Debug|Any CPU.ActiveCfg = Debug|Any CPU
		{81CAE6DC-9863-4021-99CE-B0C8C012C559}.Debug|Any CPU.Build.0 = Debug|Any CPU
		{81CAE6DC-9863-4021-99CE-B0C8C012C559}.Release|Any CPU.ActiveCfg = Release|Any CPU
		{81CAE6DC-9863-4021-99CE-B0C8C012C559}.Release|Any CPU.Build.0 = Release|Any CPU
	EndGlobalSection
	GlobalSection(SolutionProperties) = preSolution
		HideSolutionNode = FALSE
	EndGlobalSection
	GlobalSection(ExtensibilityGlobals) = postSolution
		SolutionGuid = {A9A74191-1082-4006-8F3F-4E385D709029}
	EndGlobalSection
EndGlobal
