
Microsoft Visual Studio Solution File, Format Version 12.00
# Visual Studio 2012
Project("{FAE04EC0-301F-11D3-BF4B-00C04F79EFBC}") = "RegexDemo", "RegexDemo\RegexDemo.csproj", "{DD7489F0-DBD4-4638-B068-70ED6F54D036}"
EndProject
Global
	GlobalSection(SolutionConfigurationPlatforms) = preSolution
		Debug|Any CPU = Debug|Any CPU
		Release|Any CPU = Release|Any CPU
	EndGlobalSection
	GlobalSection(ProjectConfigurationPlatforms) = postSolution
		{DD7489F0-DBD4-4638-B068-70ED6F54D036}.Debug|Any CPU.ActiveCfg = Debug|Any CPU
		{DD7489F0-DBD4-4638-B068-70ED6F54D036}.Debug|Any CPU.Build.0 = Debug|Any CPU
		{DD7489F0-DBD4-4638-B068-70ED6F54D036}.Release|Any CPU.ActiveCfg = Release|Any CPU
		{DD7489F0-DBD4-4638-B068-70ED6F54D036}.Release|Any CPU.Build.0 = Release|Any CPU
	EndGlobalSection
	GlobalSection(SolutionProperties) = preSolution
		HideSolutionNode = FALSE
	EndGlobalSection
EndGlobal
